// !$*UTF8*$!
{
	archiveVersion = 1;
	classes = {
	};
	objectVersion = 50;
	objects = {

/* Begin PBXBuildFile section */
		7A476F9C21178BE7007EA6BD /* TimerGame.swift in Sources */ = {isa = PBXBuildFile; fileRef = 7A476F9B21178BE7007EA6BD /* TimerGame.swift */; };
		7A476FA22118BDC7007EA6BD /* TimerModeTableViewCell.swift in Sources */ = {isa = PBXBuildFile; fileRef = 7A476FA12118BDC7007EA6BD /* TimerModeTableViewCell.swift */; };
		7A476FAA2118E637007EA6BD /* UIFontExtension.swift in Sources */ = {isa = PBXBuildFile; fileRef = 7A476FA92118E637007EA6BD /* UIFontExtension.swift */; };
		7A476FAC2118E64D007EA6BD /* CabinSketch-Bold.ttf in Resources */ = {isa = PBXBuildFile; fileRef = 7A476FAB2118E64D007EA6BD /* CabinSketch-Bold.ttf */; };
		7A476FAE2118E656007EA6BD /* ProfileViewController.swift in Sources */ = {isa = PBXBuildFile; fileRef = 7A476FAD2118E656007EA6BD /* ProfileViewController.swift */; };
		7A82BE012104CE19002F8094 /* AppDelegate.swift in Sources */ = {isa = PBXBuildFile; fileRef = 7A82BE002104CE19002F8094 /* AppDelegate.swift */; };
		7A82BE032104CE19002F8094 /* MainMenuViewController.swift in Sources */ = {isa = PBXBuildFile; fileRef = 7A82BE022104CE19002F8094 /* MainMenuViewController.swift */; };
		7A82BE062104CE19002F8094 /* Main.storyboard in Resources */ = {isa = PBXBuildFile; fileRef = 7A82BE042104CE19002F8094 /* Main.storyboard */; };
		7A82BE082104CE1D002F8094 /* Assets.xcassets in Resources */ = {isa = PBXBuildFile; fileRef = 7A82BE072104CE1D002F8094 /* Assets.xcassets */; };
		7A82BE0B2104CE1D002F8094 /* LaunchScreen.storyboard in Resources */ = {isa = PBXBuildFile; fileRef = 7A82BE092104CE1D002F8094 /* LaunchScreen.storyboard */; };
		7A82BE182105C5BA002F8094 /* String+TransformToColor.swift in Sources */ = {isa = PBXBuildFile; fileRef = 7A82BE172105C5BA002F8094 /* String+TransformToColor.swift */; };
		7A82BE1A2105C5FC002F8094 /* UIColor+Palette.swift in Sources */ = {isa = PBXBuildFile; fileRef = 7A82BE192105C5FC002F8094 /* UIColor+Palette.swift */; };
		7A82BE1C2105D31E002F8094 /* MenuView.swift in Sources */ = {isa = PBXBuildFile; fileRef = 7A82BE1B2105D31E002F8094 /* MenuView.swift */; };
		7A82BE1E2105D8B4002F8094 /* UIViewExtensions.swift in Sources */ = {isa = PBXBuildFile; fileRef = 7A82BE1D2105D8B4002F8094 /* UIViewExtensions.swift */; };
		7A82BE2021062C13002F8094 /* UILabelExtenstions.swift in Sources */ = {isa = PBXBuildFile; fileRef = 7A82BE1F21062C13002F8094 /* UILabelExtenstions.swift */; };
		7A82BE22210758A5002F8094 /* PlayViewController.swift in Sources */ = {isa = PBXBuildFile; fileRef = 7A82BE21210758A5002F8094 /* PlayViewController.swift */; };
		7A82BE262107AA03002F8094 /* SwitchView.swift in Sources */ = {isa = PBXBuildFile; fileRef = 7A82BE252107AA03002F8094 /* SwitchView.swift */; };
		7A82BE282109095C002F8094 /* ModesViewController.swift in Sources */ = {isa = PBXBuildFile; fileRef = 7A82BE272109095C002F8094 /* ModesViewController.swift */; };
		7A82BE6C210C7DF2002F8094 /* CarsCollectionViewController.swift in Sources */ = {isa = PBXBuildFile; fileRef = 7A82BE6B210C7DF2002F8094 /* CarsCollectionViewController.swift */; };
		7A82BE6E210C8621002F8094 /* CarCollectionViewCell.swift in Sources */ = {isa = PBXBuildFile; fileRef = 7A82BE6D210C8621002F8094 /* CarCollectionViewCell.swift */; };
		7A82BE72210C9F6C002F8094 /* Vehicle.swift in Sources */ = {isa = PBXBuildFile; fileRef = 7A82BE71210C9F6C002F8094 /* Vehicle.swift */; };
		7A82BE74210ED865002F8094 /* ClassicModeViewController.swift in Sources */ = {isa = PBXBuildFile; fileRef = 7A82BE73210ED865002F8094 /* ClassicModeViewController.swift */; };
		7A82BE76210EFA98002F8094 /* Reusable.swift in Sources */ = {isa = PBXBuildFile; fileRef = 7A82BE75210EFA98002F8094 /* Reusable.swift */; };
		7A82BE78210F373E002F8094 /* UITextfield.swift in Sources */ = {isa = PBXBuildFile; fileRef = 7A82BE77210F373E002F8094 /* UITextfield.swift */; };
		7A9FF607BA740448A8EE677D /* Pods_Typeracer_iOS.framework in Frameworks */ = {isa = PBXBuildFile; fileRef = 8806C0110A58CEB22A3FAD04 /* Pods_Typeracer_iOS.framework */; };
		7AF967892111E0C0005391D3 /* Game.swift in Sources */ = {isa = PBXBuildFile; fileRef = 7AF967882111E0C0005391D3 /* Game.swift */; };
		7AF9678B21121980005391D3 /* GameDelegate.swift in Sources */ = {isa = PBXBuildFile; fileRef = 7AF9678A21121980005391D3 /* GameDelegate.swift */; };
		7AF9678D2112227C005391D3 /* ClassicGame.swift in Sources */ = {isa = PBXBuildFile; fileRef = 7AF9678C2112227C005391D3 /* ClassicGame.swift */; };
		7AF9678F21124097005391D3 /* ClassicTextView.swift in Sources */ = {isa = PBXBuildFile; fileRef = 7AF9678E21124097005391D3 /* ClassicTextView.swift */; };
		7AF9679321138EE3005391D3 /* TimerModeViewController.swift in Sources */ = {isa = PBXBuildFile; fileRef = 7AF9679221138EE3005391D3 /* TimerModeViewController.swift */; };
		7AF967972116F27F005391D3 /* ResultView.swift in Sources */ = {isa = PBXBuildFile; fileRef = 7AF967962116F27F005391D3 /* ResultView.swift */; };
		C42F052D211A1D72007453A2 /* ResultCollectionViewCell.swift in Sources */ = {isa = PBXBuildFile; fileRef = C42F052C211A1D72007453A2 /* ResultCollectionViewCell.swift */; };
		C42F052F211A3A5C007453A2 /* SettingsViewController.swift in Sources */ = {isa = PBXBuildFile; fileRef = C42F052E211A3A5C007453A2 /* SettingsViewController.swift */; };
		C42F0531211A4BC2007453A2 /* SettingsTableViewCell.swift in Sources */ = {isa = PBXBuildFile; fileRef = C42F0530211A4BC2007453A2 /* SettingsTableViewCell.swift */; };
		C42F0533211A5685007453A2 /* SettingItem.swift in Sources */ = {isa = PBXBuildFile; fileRef = C42F0532211A5685007453A2 /* SettingItem.swift */; };
		C42F0535211A56AC007453A2 /* ShareManager.swift in Sources */ = {isa = PBXBuildFile; fileRef = C42F0534211A56AC007453A2 /* ShareManager.swift */; };
		C460B2FE211602A60075FC30 /* CGFloatExtension.swift in Sources */ = {isa = PBXBuildFile; fileRef = C460B2FD211602A60075FC30 /* CGFloatExtension.swift */; };
		C460B300211602C70075FC30 /* FloatExtension.swift in Sources */ = {isa = PBXBuildFile; fileRef = C460B2FF211602C70075FC30 /* FloatExtension.swift */; };
		C46ED8D3211B1B7E00002138 /* Constant.swift in Sources */ = {isa = PBXBuildFile; fileRef = C46ED8D2211B1B7E00002138 /* Constant.swift */; };
		C496741A2118ED66005D5298 /* Result.swift in Sources */ = {isa = PBXBuildFile; fileRef = C49674192118ED66005D5298 /* Result.swift */; };
		C496741E2119C779005D5298 /* sound.mp3 in Resources */ = {isa = PBXBuildFile; fileRef = C496741D2119C779005D5298 /* sound.mp3 */; };
		C49674202119C831005D5298 /* Music.swift in Sources */ = {isa = PBXBuildFile; fileRef = C496741F2119C831005D5298 /* Music.swift */; };
		C49674222119D224005D5298 /* GraphViewExtensions.swift in Sources */ = {isa = PBXBuildFile; fileRef = C49674212119D224005D5298 /* GraphViewExtensions.swift */; };
		C4A8B4CB211C0CFB00D0DC67 /* ArrayExtension.swift in Sources */ = {isa = PBXBuildFile; fileRef = C4A8B4CA211C0CFB00D0DC67 /* ArrayExtension.swift */; };
		C4F4F31321146E9D00530DD0 /* db.realm in Resources */ = {isa = PBXBuildFile; fileRef = C4F4F31221146E9D00530DD0 /* db.realm */; };
		C4F4F31521146EAE00530DD0 /* Text.swift in Sources */ = {isa = PBXBuildFile; fileRef = C4F4F31421146EAE00530DD0 /* Text.swift */; };
		C4F4F3192114714600530DD0 /* Database.swift in Sources */ = {isa = PBXBuildFile; fileRef = C4F4F3182114714600530DD0 /* Database.swift */; };
		C4F4F31B2114860A00530DD0 /* Animatable.swift in Sources */ = {isa = PBXBuildFile; fileRef = C4F4F31A2114860A00530DD0 /* Animatable.swift */; };
		C4F4F31D2114867F00530DD0 /* LabelView.swift in Sources */ = {isa = PBXBuildFile; fileRef = C4F4F31C2114867F00530DD0 /* LabelView.swift */; };
		C4F4F3212114873300530DD0 /* AnimatedView.swift in Sources */ = {isa = PBXBuildFile; fileRef = C4F4F3202114873300530DD0 /* AnimatedView.swift */; };
		C4F4F323211488D000530DD0 /* Random.swift in Sources */ = {isa = PBXBuildFile; fileRef = C4F4F322211488D000530DD0 /* Random.swift */; };
		C4F4F3252114898500530DD0 /* CGPointExtension.swift in Sources */ = {isa = PBXBuildFile; fileRef = C4F4F3242114898500530DD0 /* CGPointExtension.swift */; };
/* End PBXBuildFile section */

/* Begin PBXFileReference section */
		0A36EF5E0069D366EB27E1AF /* Pods-Typeracer-iOS.debug.xcconfig */ = {isa = PBXFileReference; includeInIndex = 1; lastKnownFileType = text.xcconfig; name = "Pods-Typeracer-iOS.debug.xcconfig"; path = "Pods/Target Support Files/Pods-Typeracer-iOS/Pods-Typeracer-iOS.debug.xcconfig"; sourceTree = "<group>"; };
		2117082F1AB53BEB12184AE9 /* Pods-Typeracer-iOS.release.xcconfig */ = {isa = PBXFileReference; includeInIndex = 1; lastKnownFileType = text.xcconfig; name = "Pods-Typeracer-iOS.release.xcconfig"; path = "Pods/Target Support Files/Pods-Typeracer-iOS/Pods-Typeracer-iOS.release.xcconfig"; sourceTree = "<group>"; };
		7A476F9B21178BE7007EA6BD /* TimerGame.swift */ = {isa = PBXFileReference; lastKnownFileType = sourcecode.swift; path = TimerGame.swift; sourceTree = "<group>"; };
		7A476FA12118BDC7007EA6BD /* TimerModeTableViewCell.swift */ = {isa = PBXFileReference; lastKnownFileType = sourcecode.swift; path = TimerModeTableViewCell.swift; sourceTree = "<group>"; };
		7A476FA92118E637007EA6BD /* UIFontExtension.swift */ = {isa = PBXFileReference; fileEncoding = 4; lastKnownFileType = sourcecode.swift; path = UIFontExtension.swift; sourceTree = "<group>"; };
		7A476FAB2118E64D007EA6BD /* CabinSketch-Bold.ttf */ = {isa = PBXFileReference; lastKnownFileType = file; path = "CabinSketch-Bold.ttf"; sourceTree = "<group>"; };
		7A476FAD2118E656007EA6BD /* ProfileViewController.swift */ = {isa = PBXFileReference; fileEncoding = 4; lastKnownFileType = sourcecode.swift; path = ProfileViewController.swift; sourceTree = "<group>"; };
		7A82BDFD2104CE19002F8094 /* Typeracer-iOS.app */ = {isa = PBXFileReference; explicitFileType = wrapper.application; includeInIndex = 0; path = "Typeracer-iOS.app"; sourceTree = BUILT_PRODUCTS_DIR; };
		7A82BE002104CE19002F8094 /* AppDelegate.swift */ = {isa = PBXFileReference; lastKnownFileType = sourcecode.swift; path = AppDelegate.swift; sourceTree = "<group>"; };
		7A82BE022104CE19002F8094 /* MainMenuViewController.swift */ = {isa = PBXFileReference; lastKnownFileType = sourcecode.swift; path = MainMenuViewController.swift; sourceTree = "<group>"; };
		7A82BE052104CE19002F8094 /* Base */ = {isa = PBXFileReference; lastKnownFileType = file.storyboard; name = Base; path = Base.lproj/Main.storyboard; sourceTree = "<group>"; };
		7A82BE072104CE1D002F8094 /* Assets.xcassets */ = {isa = PBXFileReference; lastKnownFileType = folder.assetcatalog; path = Assets.xcassets; sourceTree = "<group>"; };
		7A82BE0A2104CE1D002F8094 /* Base */ = {isa = PBXFileReference; lastKnownFileType = file.storyboard; name = Base; path = Base.lproj/LaunchScreen.storyboard; sourceTree = "<group>"; };
		7A82BE0C2104CE1D002F8094 /* Info.plist */ = {isa = PBXFileReference; lastKnownFileType = text.plist.xml; path = Info.plist; sourceTree = "<group>"; };
		7A82BE172105C5BA002F8094 /* String+TransformToColor.swift */ = {isa = PBXFileReference; lastKnownFileType = sourcecode.swift; path = "String+TransformToColor.swift"; sourceTree = "<group>"; };
		7A82BE192105C5FC002F8094 /* UIColor+Palette.swift */ = {isa = PBXFileReference; lastKnownFileType = sourcecode.swift; path = "UIColor+Palette.swift"; sourceTree = "<group>"; };
		7A82BE1B2105D31E002F8094 /* MenuView.swift */ = {isa = PBXFileReference; lastKnownFileType = sourcecode.swift; path = MenuView.swift; sourceTree = "<group>"; };
		7A82BE1D2105D8B4002F8094 /* UIViewExtensions.swift */ = {isa = PBXFileReference; lastKnownFileType = sourcecode.swift; path = UIViewExtensions.swift; sourceTree = "<group>"; };
		7A82BE1F21062C13002F8094 /* UILabelExtenstions.swift */ = {isa = PBXFileReference; lastKnownFileType = sourcecode.swift; path = UILabelExtenstions.swift; sourceTree = "<group>"; };
		7A82BE21210758A5002F8094 /* PlayViewController.swift */ = {isa = PBXFileReference; lastKnownFileType = sourcecode.swift; path = PlayViewController.swift; sourceTree = "<group>"; };
		7A82BE252107AA03002F8094 /* SwitchView.swift */ = {isa = PBXFileReference; lastKnownFileType = sourcecode.swift; path = SwitchView.swift; sourceTree = "<group>"; };
		7A82BE272109095C002F8094 /* ModesViewController.swift */ = {isa = PBXFileReference; lastKnownFileType = sourcecode.swift; path = ModesViewController.swift; sourceTree = "<group>"; };
		7A82BE6B210C7DF2002F8094 /* CarsCollectionViewController.swift */ = {isa = PBXFileReference; lastKnownFileType = sourcecode.swift; path = CarsCollectionViewController.swift; sourceTree = "<group>"; };
		7A82BE6D210C8621002F8094 /* CarCollectionViewCell.swift */ = {isa = PBXFileReference; lastKnownFileType = sourcecode.swift; path = CarCollectionViewCell.swift; sourceTree = "<group>"; };
		7A82BE71210C9F6C002F8094 /* Vehicle.swift */ = {isa = PBXFileReference; lastKnownFileType = sourcecode.swift; path = Vehicle.swift; sourceTree = "<group>"; };
		7A82BE73210ED865002F8094 /* ClassicModeViewController.swift */ = {isa = PBXFileReference; lastKnownFileType = sourcecode.swift; path = ClassicModeViewController.swift; sourceTree = "<group>"; };
		7A82BE75210EFA98002F8094 /* Reusable.swift */ = {isa = PBXFileReference; lastKnownFileType = sourcecode.swift; path = Reusable.swift; sourceTree = "<group>"; };
		7A82BE77210F373E002F8094 /* UITextfield.swift */ = {isa = PBXFileReference; lastKnownFileType = sourcecode.swift; path = UITextfield.swift; sourceTree = "<group>"; };
		7AF967882111E0C0005391D3 /* Game.swift */ = {isa = PBXFileReference; lastKnownFileType = sourcecode.swift; path = Game.swift; sourceTree = "<group>"; };
		7AF9678A21121980005391D3 /* GameDelegate.swift */ = {isa = PBXFileReference; lastKnownFileType = sourcecode.swift; path = GameDelegate.swift; sourceTree = "<group>"; };
		7AF9678C2112227C005391D3 /* ClassicGame.swift */ = {isa = PBXFileReference; lastKnownFileType = sourcecode.swift; path = ClassicGame.swift; sourceTree = "<group>"; };
		7AF9678E21124097005391D3 /* ClassicTextView.swift */ = {isa = PBXFileReference; lastKnownFileType = sourcecode.swift; path = ClassicTextView.swift; sourceTree = "<group>"; };
		7AF9679221138EE3005391D3 /* TimerModeViewController.swift */ = {isa = PBXFileReference; lastKnownFileType = sourcecode.swift; path = TimerModeViewController.swift; sourceTree = "<group>"; };
		7AF967962116F27F005391D3 /* ResultView.swift */ = {isa = PBXFileReference; lastKnownFileType = sourcecode.swift; path = ResultView.swift; sourceTree = "<group>"; };
		8806C0110A58CEB22A3FAD04 /* Pods_Typeracer_iOS.framework */ = {isa = PBXFileReference; explicitFileType = wrapper.framework; includeInIndex = 0; path = Pods_Typeracer_iOS.framework; sourceTree = BUILT_PRODUCTS_DIR; };
		C42F052C211A1D72007453A2 /* ResultCollectionViewCell.swift */ = {isa = PBXFileReference; lastKnownFileType = sourcecode.swift; path = ResultCollectionViewCell.swift; sourceTree = "<group>"; };
		C42F052E211A3A5C007453A2 /* SettingsViewController.swift */ = {isa = PBXFileReference; lastKnownFileType = sourcecode.swift; path = SettingsViewController.swift; sourceTree = "<group>"; };
		C42F0530211A4BC2007453A2 /* SettingsTableViewCell.swift */ = {isa = PBXFileReference; lastKnownFileType = sourcecode.swift; path = SettingsTableViewCell.swift; sourceTree = "<group>"; };
		C42F0532211A5685007453A2 /* SettingItem.swift */ = {isa = PBXFileReference; lastKnownFileType = sourcecode.swift; path = SettingItem.swift; sourceTree = "<group>"; };
		C42F0534211A56AC007453A2 /* ShareManager.swift */ = {isa = PBXFileReference; lastKnownFileType = sourcecode.swift; path = ShareManager.swift; sourceTree = "<group>"; };
		C460B2FD211602A60075FC30 /* CGFloatExtension.swift */ = {isa = PBXFileReference; lastKnownFileType = sourcecode.swift; path = CGFloatExtension.swift; sourceTree = "<group>"; };
		C460B2FF211602C70075FC30 /* FloatExtension.swift */ = {isa = PBXFileReference; lastKnownFileType = sourcecode.swift; path = FloatExtension.swift; sourceTree = "<group>"; };
		C46ED8D2211B1B7E00002138 /* Constant.swift */ = {isa = PBXFileReference; lastKnownFileType = sourcecode.swift; path = Constant.swift; sourceTree = "<group>"; };
		C49674192118ED66005D5298 /* Result.swift */ = {isa = PBXFileReference; lastKnownFileType = sourcecode.swift; path = Result.swift; sourceTree = "<group>"; };
		C496741D2119C779005D5298 /* sound.mp3 */ = {isa = PBXFileReference; lastKnownFileType = audio.mp3; path = sound.mp3; sourceTree = "<group>"; };
		C496741F2119C831005D5298 /* Music.swift */ = {isa = PBXFileReference; lastKnownFileType = sourcecode.swift; path = Music.swift; sourceTree = "<group>"; };
		C49674212119D224005D5298 /* GraphViewExtensions.swift */ = {isa = PBXFileReference; lastKnownFileType = sourcecode.swift; path = GraphViewExtensions.swift; sourceTree = "<group>"; };
		C4A8B4CA211C0CFB00D0DC67 /* ArrayExtension.swift */ = {isa = PBXFileReference; lastKnownFileType = sourcecode.swift; path = ArrayExtension.swift; sourceTree = "<group>"; };
		C4F4F31221146E9D00530DD0 /* db.realm */ = {isa = PBXFileReference; lastKnownFileType = file; path = db.realm; sourceTree = "<group>"; };
		C4F4F31421146EAE00530DD0 /* Text.swift */ = {isa = PBXFileReference; lastKnownFileType = sourcecode.swift; path = Text.swift; sourceTree = "<group>"; };
		C4F4F3182114714600530DD0 /* Database.swift */ = {isa = PBXFileReference; lastKnownFileType = sourcecode.swift; path = Database.swift; sourceTree = "<group>"; };
		C4F4F31A2114860A00530DD0 /* Animatable.swift */ = {isa = PBXFileReference; lastKnownFileType = sourcecode.swift; path = Animatable.swift; sourceTree = "<group>"; };
		C4F4F31C2114867F00530DD0 /* LabelView.swift */ = {isa = PBXFileReference; lastKnownFileType = sourcecode.swift; path = LabelView.swift; sourceTree = "<group>"; };
		C4F4F3202114873300530DD0 /* AnimatedView.swift */ = {isa = PBXFileReference; lastKnownFileType = sourcecode.swift; path = AnimatedView.swift; sourceTree = "<group>"; };
		C4F4F322211488D000530DD0 /* Random.swift */ = {isa = PBXFileReference; lastKnownFileType = sourcecode.swift; path = Random.swift; sourceTree = "<group>"; };
		C4F4F3242114898500530DD0 /* CGPointExtension.swift */ = {isa = PBXFileReference; lastKnownFileType = sourcecode.swift; path = CGPointExtension.swift; sourceTree = "<group>"; };
/* End PBXFileReference section */

/* Begin PBXFrameworksBuildPhase section */
		7A82BDFA2104CE19002F8094 /* Frameworks */ = {
			isa = PBXFrameworksBuildPhase;
			buildActionMask = 2147483647;
			files = (
				7A9FF607BA740448A8EE677D /* Pods_Typeracer_iOS.framework in Frameworks */,
			);
			runOnlyForDeploymentPostprocessing = 0;
		};
/* End PBXFrameworksBuildPhase section */

/* Begin PBXGroup section */
		634CA569655EBD5ED5C4AB8D /* Pods */ = {
			isa = PBXGroup;
			children = (
				0A36EF5E0069D366EB27E1AF /* Pods-Typeracer-iOS.debug.xcconfig */,
				2117082F1AB53BEB12184AE9 /* Pods-Typeracer-iOS.release.xcconfig */,
			);
			name = Pods;
			sourceTree = "<group>";
		};
		6A80E538E7CFD79284225602 /* Frameworks */ = {
			isa = PBXGroup;
			children = (
				8806C0110A58CEB22A3FAD04 /* Pods_Typeracer_iOS.framework */,
			);
			name = Frameworks;
			sourceTree = "<group>";
		};
		7A82BDF42104CE19002F8094 = {
			isa = PBXGroup;
			children = (
				7A82BDFF2104CE19002F8094 /* Typeracer-iOS */,
				7A82BDFE2104CE19002F8094 /* Products */,
				634CA569655EBD5ED5C4AB8D /* Pods */,
				6A80E538E7CFD79284225602 /* Frameworks */,
			);
			sourceTree = "<group>";
		};
		7A82BDFE2104CE19002F8094 /* Products */ = {
			isa = PBXGroup;
			children = (
				7A82BDFD2104CE19002F8094 /* Typeracer-iOS.app */,
			);
			name = Products;
			sourceTree = "<group>";
		};
		7A82BDFF2104CE19002F8094 /* Typeracer-iOS */ = {
			isa = PBXGroup;
			children = (
				7A82BE002104CE19002F8094 /* AppDelegate.swift */,
				7A82BE162104CEC8002F8094 /* Model */,
				7A82BE152104CEBD002F8094 /* View */,
				7A82BE132104CE83002F8094 /* Controller */,
				7A82BE142104CEB5002F8094 /* Extenstion */,
				7A82BE122104CE34002F8094 /* Additional */,
			);
			path = "Typeracer-iOS";
			sourceTree = "<group>";
		};
		7A82BE122104CE34002F8094 /* Additional */ = {
			isa = PBXGroup;
			children = (
				C496741C2119C76B005D5298 /* Sounds */,
				C496740C21185783005D5298 /* Font */,
				7A82BE042104CE19002F8094 /* Main.storyboard */,
				C4F4F31221146E9D00530DD0 /* db.realm */,
				7A82BE072104CE1D002F8094 /* Assets.xcassets */,
				7A82BE092104CE1D002F8094 /* LaunchScreen.storyboard */,
				7A82BE0C2104CE1D002F8094 /* Info.plist */,
			);
			path = Additional;
			sourceTree = "<group>";
		};
		7A82BE132104CE83002F8094 /* Controller */ = {
			isa = PBXGroup;
			children = (
				7A82BE022104CE19002F8094 /* MainMenuViewController.swift */,
				7A82BE21210758A5002F8094 /* PlayViewController.swift */,
				7A82BE272109095C002F8094 /* ModesViewController.swift */,
				7A82BE6B210C7DF2002F8094 /* CarsCollectionViewController.swift */,
				7A82BE73210ED865002F8094 /* ClassicModeViewController.swift */,
				7AF9679221138EE3005391D3 /* TimerModeViewController.swift */,
				7A476FAD2118E656007EA6BD /* ProfileViewController.swift */,
				C42F052E211A3A5C007453A2 /* SettingsViewController.swift */,
				C4A8B4CA211C0CFB00D0DC67 /* ArrayExtension.swift */,
			);
			path = Controller;
			sourceTree = "<group>";
		};
		7A82BE142104CEB5002F8094 /* Extenstion */ = {
			isa = PBXGroup;
			children = (
				7A82BE172105C5BA002F8094 /* String+TransformToColor.swift */,
				7A82BE192105C5FC002F8094 /* UIColor+Palette.swift */,
				7A82BE1D2105D8B4002F8094 /* UIViewExtensions.swift */,
				7A82BE1F21062C13002F8094 /* UILabelExtenstions.swift */,
				7A476FA92118E637007EA6BD /* UIFontExtension.swift */,
				7A82BE77210F373E002F8094 /* UITextfield.swift */,
				C4F4F3242114898500530DD0 /* CGPointExtension.swift */,
				C460B2FD211602A60075FC30 /* CGFloatExtension.swift */,
				C460B2FF211602C70075FC30 /* FloatExtension.swift */,
				C49674212119D224005D5298 /* GraphViewExtensions.swift */,
			);
			path = Extenstion;
			sourceTree = "<group>";
		};
		7A82BE152104CEBD002F8094 /* View */ = {
			isa = PBXGroup;
			children = (
				7A82BE1B2105D31E002F8094 /* MenuView.swift */,
				7A82BE252107AA03002F8094 /* SwitchView.swift */,
				7A82BE6D210C8621002F8094 /* CarCollectionViewCell.swift */,
				7AF9678E21124097005391D3 /* ClassicTextView.swift */,
				C4F4F31C2114867F00530DD0 /* LabelView.swift */,
				C4F4F3202114873300530DD0 /* AnimatedView.swift */,
				7AF967962116F27F005391D3 /* ResultView.swift */,
				7A476FA12118BDC7007EA6BD /* TimerModeTableViewCell.swift */,
				C42F052C211A1D72007453A2 /* ResultCollectionViewCell.swift */,
				C42F0530211A4BC2007453A2 /* SettingsTableViewCell.swift */,
			);
			path = View;
			sourceTree = "<group>";
		};
		7A82BE162104CEC8002F8094 /* Model */ = {
			isa = PBXGroup;
			children = (
				7A82BE71210C9F6C002F8094 /* Vehicle.swift */,
				7A82BE75210EFA98002F8094 /* Reusable.swift */,
				7AF967882111E0C0005391D3 /* Game.swift */,
				7AF9678A21121980005391D3 /* GameDelegate.swift */,
				7AF9678C2112227C005391D3 /* ClassicGame.swift */,
				C4F4F31A2114860A00530DD0 /* Animatable.swift */,
				C4F4F322211488D000530DD0 /* Random.swift */,
				C4F4F31421146EAE00530DD0 /* Text.swift */,
				C4F4F3182114714600530DD0 /* Database.swift */,
				7A476F9B21178BE7007EA6BD /* TimerGame.swift */,
				C49674192118ED66005D5298 /* Result.swift */,
				C496741F2119C831005D5298 /* Music.swift */,
				C42F0532211A5685007453A2 /* SettingItem.swift */,
				C42F0534211A56AC007453A2 /* ShareManager.swift */,
				C46ED8D2211B1B7E00002138 /* Constant.swift */,
			);
			path = Model;
			sourceTree = "<group>";
		};
		C496740C21185783005D5298 /* Font */ = {
			isa = PBXGroup;
			children = (
				7A476FAB2118E64D007EA6BD /* CabinSketch-Bold.ttf */,
			);
			path = Font;
			sourceTree = "<group>";
		};
		C496741C2119C76B005D5298 /* Sounds */ = {
			isa = PBXGroup;
			children = (
				C496741D2119C779005D5298 /* sound.mp3 */,
			);
			path = Sounds;
			sourceTree = "<group>";
		};
/* End PBXGroup section */

/* Begin PBXNativeTarget section */
		7A82BDFC2104CE19002F8094 /* Typeracer-iOS */ = {
			isa = PBXNativeTarget;
			buildConfigurationList = 7A82BE0F2104CE1D002F8094 /* Build configuration list for PBXNativeTarget "Typeracer-iOS" */;
			buildPhases = (
				04A4D86E9BB6FAA025BC6E9B /* [CP] Check Pods Manifest.lock */,
				7A82BDF92104CE19002F8094 /* Sources */,
				7A82BDFA2104CE19002F8094 /* Frameworks */,
				7A82BDFB2104CE19002F8094 /* Resources */,
				D02D9027DE9BAB75F29A5F6B /* [CP] Embed Pods Frameworks */,
				1FA8AB1A1D86CE5D13D5293A /* [CP] Copy Pods Resources */,
			);
			buildRules = (
			);
			dependencies = (
			);
			name = "Typeracer-iOS";
			productName = "Typeracer-iOS";
			productReference = 7A82BDFD2104CE19002F8094 /* Typeracer-iOS.app */;
			productType = "com.apple.product-type.application";
		};
/* End PBXNativeTarget section */

/* Begin PBXProject section */
		7A82BDF52104CE19002F8094 /* Project object */ = {
			isa = PBXProject;
			attributes = {
				LastSwiftUpdateCheck = 0930;
				LastUpgradeCheck = 0930;
				ORGANIZATIONNAME = theSmartest;
				TargetAttributes = {
					7A82BDFC2104CE19002F8094 = {
						CreatedOnToolsVersion = 9.3;
					};
				};
			};
			buildConfigurationList = 7A82BDF82104CE19002F8094 /* Build configuration list for PBXProject "Typeracer-iOS" */;
			compatibilityVersion = "Xcode 9.3";
			developmentRegion = en;
			hasScannedForEncodings = 0;
			knownRegions = (
				en,
				Base,
			);
			mainGroup = 7A82BDF42104CE19002F8094;
			productRefGroup = 7A82BDFE2104CE19002F8094 /* Products */;
			projectDirPath = "";
			projectRoot = "";
			targets = (
				7A82BDFC2104CE19002F8094 /* Typeracer-iOS */,
			);
		};
/* End PBXProject section */

/* Begin PBXResourcesBuildPhase section */
		7A82BDFB2104CE19002F8094 /* Resources */ = {
			isa = PBXResourcesBuildPhase;
			buildActionMask = 2147483647;
			files = (
				7A82BE0B2104CE1D002F8094 /* LaunchScreen.storyboard in Resources */,
				C4F4F31321146E9D00530DD0 /* db.realm in Resources */,
				7A82BE082104CE1D002F8094 /* Assets.xcassets in Resources */,
				C496741E2119C779005D5298 /* sound.mp3 in Resources */,
				7A82BE062104CE19002F8094 /* Main.storyboard in Resources */,
				7A476FAC2118E64D007EA6BD /* CabinSketch-Bold.ttf in Resources */,
			);
			runOnlyForDeploymentPostprocessing = 0;
		};
/* End PBXResourcesBuildPhase section */

/* Begin PBXShellScriptBuildPhase section */
		04A4D86E9BB6FAA025BC6E9B /* [CP] Check Pods Manifest.lock */ = {
			isa = PBXShellScriptBuildPhase;
			buildActionMask = 2147483647;
			files = (
			);
			inputPaths = (
				"${PODS_PODFILE_DIR_PATH}/Podfile.lock",
				"${PODS_ROOT}/Manifest.lock",
			);
			name = "[CP] Check Pods Manifest.lock";
			outputPaths = (
				"$(DERIVED_FILE_DIR)/Pods-Typeracer-iOS-checkManifestLockResult.txt",
			);
			runOnlyForDeploymentPostprocessing = 0;
			shellPath = /bin/sh;
			shellScript = "diff \"${PODS_PODFILE_DIR_PATH}/Podfile.lock\" \"${PODS_ROOT}/Manifest.lock\" > /dev/null\nif [ $? != 0 ] ; then\n    # print error to STDERR\n    echo \"error: The sandbox is not in sync with the Podfile.lock. Run 'pod install' or update your CocoaPods installation.\" >&2\n    exit 1\nfi\n# This output is used by Xcode 'outputs' to avoid re-running this script phase.\necho \"SUCCESS\" > \"${SCRIPT_OUTPUT_FILE_0}\"\n";
			showEnvVarsInLog = 0;
		};
		1FA8AB1A1D86CE5D13D5293A /* [CP] Copy Pods Resources */ = {
			isa = PBXShellScriptBuildPhase;
			buildActionMask = 2147483647;
			files = (
			);
			inputPaths = (
			);
			name = "[CP] Copy Pods Resources";
			outputPaths = (
			);
			runOnlyForDeploymentPostprocessing = 0;
			shellPath = /bin/sh;
			shellScript = "\"${SRCROOT}/Pods/Target Support Files/Pods-Typeracer-iOS/Pods-Typeracer-iOS-resources.sh\"\n";
			showEnvVarsInLog = 0;
		};
		D02D9027DE9BAB75F29A5F6B /* [CP] Embed Pods Frameworks */ = {
			isa = PBXShellScriptBuildPhase;
			buildActionMask = 2147483647;
			files = (
			);
			inputPaths = (
				"${SRCROOT}/Pods/Target Support Files/Pods-Typeracer-iOS/Pods-Typeracer-iOS-frameworks.sh",
				"${BUILT_PRODUCTS_DIR}/Cartography/Cartography.framework",
				"${BUILT_PRODUCTS_DIR}/Realm/Realm.framework",
				"${BUILT_PRODUCTS_DIR}/RealmSwift/RealmSwift.framework",
				"${BUILT_PRODUCTS_DIR}/ScrollableGraphView/ScrollableGraphView.framework",
				"${BUILT_PRODUCTS_DIR}/UPCarouselFlowLayout/UPCarouselFlowLayout.framework",
			);
			name = "[CP] Embed Pods Frameworks";
			outputPaths = (
				"${TARGET_BUILD_DIR}/${FRAMEWORKS_FOLDER_PATH}/Cartography.framework",
				"${TARGET_BUILD_DIR}/${FRAMEWORKS_FOLDER_PATH}/Realm.framework",
				"${TARGET_BUILD_DIR}/${FRAMEWORKS_FOLDER_PATH}/RealmSwift.framework",
				"${TARGET_BUILD_DIR}/${FRAMEWORKS_FOLDER_PATH}/ScrollableGraphView.framework",
				"${TARGET_BUILD_DIR}/${FRAMEWORKS_FOLDER_PATH}/UPCarouselFlowLayout.framework",
			);
			runOnlyForDeploymentPostprocessing = 0;
			shellPath = /bin/sh;
			shellScript = "\"${SRCROOT}/Pods/Target Support Files/Pods-Typeracer-iOS/Pods-Typeracer-iOS-frameworks.sh\"\n";
			showEnvVarsInLog = 0;
		};
/* End PBXShellScriptBuildPhase section */

/* Begin PBXSourcesBuildPhase section */
		7A82BDF92104CE19002F8094 /* Sources */ = {
			isa = PBXSourcesBuildPhase;
			buildActionMask = 2147483647;
			files = (
				7AF9678F21124097005391D3 /* ClassicTextView.swift in Sources */,
				C4F4F31B2114860A00530DD0 /* Animatable.swift in Sources */,
				C496741A2118ED66005D5298 /* Result.swift in Sources */,
				7AF967972116F27F005391D3 /* ResultView.swift in Sources */,
				7AF9678D2112227C005391D3 /* ClassicGame.swift in Sources */,
				C4F4F3212114873300530DD0 /* AnimatedView.swift in Sources */,
				7A82BE74210ED865002F8094 /* ClassicModeViewController.swift in Sources */,
				C4F4F3192114714600530DD0 /* Database.swift in Sources */,
				7AF967892111E0C0005391D3 /* Game.swift in Sources */,
				C49674222119D224005D5298 /* GraphViewExtensions.swift in Sources */,
				C4F4F3252114898500530DD0 /* CGPointExtension.swift in Sources */,
				7A82BE22210758A5002F8094 /* PlayViewController.swift in Sources */,
				7A476FAA2118E637007EA6BD /* UIFontExtension.swift in Sources */,
				C42F0533211A5685007453A2 /* SettingItem.swift in Sources */,
				C460B300211602C70075FC30 /* FloatExtension.swift in Sources */,
				7AF9678B21121980005391D3 /* GameDelegate.swift in Sources */,
				C49674202119C831005D5298 /* Music.swift in Sources */,
				7A82BE1C2105D31E002F8094 /* MenuView.swift in Sources */,
				7A82BE78210F373E002F8094 /* UITextfield.swift in Sources */,
				C46ED8D3211B1B7E00002138 /* Constant.swift in Sources */,
				7A476F9C21178BE7007EA6BD /* TimerGame.swift in Sources */,
				7A82BE262107AA03002F8094 /* SwitchView.swift in Sources */,
				C42F052D211A1D72007453A2 /* ResultCollectionViewCell.swift in Sources */,
				7A476FA22118BDC7007EA6BD /* TimerModeTableViewCell.swift in Sources */,
				C42F052F211A3A5C007453A2 /* SettingsViewController.swift in Sources */,
				C460B2FE211602A60075FC30 /* CGFloatExtension.swift in Sources */,
				C4F4F31521146EAE00530DD0 /* Text.swift in Sources */,
				7A82BE282109095C002F8094 /* ModesViewController.swift in Sources */,
				7A82BE182105C5BA002F8094 /* String+TransformToColor.swift in Sources */,
				7A82BE032104CE19002F8094 /* MainMenuViewController.swift in Sources */,
				C4A8B4CB211C0CFB00D0DC67 /* ArrayExtension.swift in Sources */,
				7A82BE012104CE19002F8094 /* AppDelegate.swift in Sources */,
				7A82BE6E210C8621002F8094 /* CarCollectionViewCell.swift in Sources */,
				7A82BE76210EFA98002F8094 /* Reusable.swift in Sources */,
				7A82BE1E2105D8B4002F8094 /* UIViewExtensions.swift in Sources */,
				7A82BE2021062C13002F8094 /* UILabelExtenstions.swift in Sources */,
				C4F4F31D2114867F00530DD0 /* LabelView.swift in Sources */,
				7A82BE72210C9F6C002F8094 /* Vehicle.swift in Sources */,
				7A82BE1A2105C5FC002F8094 /* UIColor+Palette.swift in Sources */,
				7A82BE6C210C7DF2002F8094 /* CarsCollectionViewController.swift in Sources */,
				C42F0535211A56AC007453A2 /* ShareManager.swift in Sources */,
				7AF9679321138EE3005391D3 /* TimerModeViewController.swift in Sources */,
				C42F0531211A4BC2007453A2 /* SettingsTableViewCell.swift in Sources */,
				7A476FAE2118E656007EA6BD /* ProfileViewController.swift in Sources */,
				C4F4F323211488D000530DD0 /* Random.swift in Sources */,
			);
			runOnlyForDeploymentPostprocessing = 0;
		};
/* End PBXSourcesBuildPhase section */

/* Begin PBXVariantGroup section */
		7A82BE042104CE19002F8094 /* Main.storyboard */ = {
			isa = PBXVariantGroup;
			children = (
				7A82BE052104CE19002F8094 /* Base */,
			);
			name = Main.storyboard;
			sourceTree = "<group>";
		};
		7A82BE092104CE1D002F8094 /* LaunchScreen.storyboard */ = {
			isa = PBXVariantGroup;
			children = (
				7A82BE0A2104CE1D002F8094 /* Base */,
			);
			name = LaunchScreen.storyboard;
			sourceTree = "<group>";
		};
/* End PBXVariantGroup section */

/* Begin XCBuildConfiguration section */
		7A82BE0D2104CE1D002F8094 /* Debug */ = {
			isa = XCBuildConfiguration;
			buildSettings = {
				ALWAYS_SEARCH_USER_PATHS = NO;
				CLANG_ANALYZER_NONNULL = YES;
				CLANG_ANALYZER_NUMBER_OBJECT_CONVERSION = YES_AGGRESSIVE;
				CLANG_CXX_LANGUAGE_STANDARD = "gnu++14";
				CLANG_CXX_LIBRARY = "libc++";
				CLANG_ENABLE_MODULES = YES;
				CLANG_ENABLE_OBJC_ARC = YES;
				CLANG_ENABLE_OBJC_WEAK = YES;
				CLANG_WARN_BLOCK_CAPTURE_AUTORELEASING = YES;
				CLANG_WARN_BOOL_CONVERSION = YES;
				CLANG_WARN_COMMA = YES;
				CLANG_WARN_CONSTANT_CONVERSION = YES;
				CLANG_WARN_DEPRECATED_OBJC_IMPLEMENTATIONS = YES;
				CLANG_WARN_DIRECT_OBJC_ISA_USAGE = YES_ERROR;
				CLANG_WARN_DOCUMENTATION_COMMENTS = YES;
				CLANG_WARN_EMPTY_BODY = YES;
				CLANG_WARN_ENUM_CONVERSION = YES;
				CLANG_WARN_INFINITE_RECURSION = YES;
				CLANG_WARN_INT_CONVERSION = YES;
				CLANG_WARN_NON_LITERAL_NULL_CONVERSION = YES;
				CLANG_WARN_OBJC_IMPLICIT_RETAIN_SELF = YES;
				CLANG_WARN_OBJC_LITERAL_CONVERSION = YES;
				CLANG_WARN_OBJC_ROOT_CLASS = YES_ERROR;
				CLANG_WARN_RANGE_LOOP_ANALYSIS = YES;
				CLANG_WARN_STRICT_PROTOTYPES = YES;
				CLANG_WARN_SUSPICIOUS_MOVE = YES;
				CLANG_WARN_UNGUARDED_AVAILABILITY = YES_AGGRESSIVE;
				CLANG_WARN_UNREACHABLE_CODE = YES;
				CLANG_WARN__DUPLICATE_METHOD_MATCH = YES;
				CODE_SIGN_IDENTITY = "iPhone Developer";
				COPY_PHASE_STRIP = NO;
				DEBUG_INFORMATION_FORMAT = dwarf;
				ENABLE_STRICT_OBJC_MSGSEND = YES;
				ENABLE_TESTABILITY = YES;
				GCC_C_LANGUAGE_STANDARD = gnu11;
				GCC_DYNAMIC_NO_PIC = NO;
				GCC_NO_COMMON_BLOCKS = YES;
				GCC_OPTIMIZATION_LEVEL = 0;
				GCC_PREPROCESSOR_DEFINITIONS = (
					"DEBUG=1",
					"$(inherited)",
				);
				GCC_WARN_64_TO_32_BIT_CONVERSION = YES;
				GCC_WARN_ABOUT_RETURN_TYPE = YES_ERROR;
				GCC_WARN_UNDECLARED_SELECTOR = YES;
				GCC_WARN_UNINITIALIZED_AUTOS = YES_AGGRESSIVE;
				GCC_WARN_UNUSED_FUNCTION = YES;
				GCC_WARN_UNUSED_VARIABLE = YES;
				IPHONEOS_DEPLOYMENT_TARGET = 11.3;
				MTL_ENABLE_DEBUG_INFO = YES;
				ONLY_ACTIVE_ARCH = YES;
				SDKROOT = iphoneos;
				SWIFT_ACTIVE_COMPILATION_CONDITIONS = DEBUG;
				SWIFT_OPTIMIZATION_LEVEL = "-Onone";
			};
			name = Debug;
		};
		7A82BE0E2104CE1D002F8094 /* Release */ = {
			isa = XCBuildConfiguration;
			buildSettings = {
				ALWAYS_SEARCH_USER_PATHS = NO;
				CLANG_ANALYZER_NONNULL = YES;
				CLANG_ANALYZER_NUMBER_OBJECT_CONVERSION = YES_AGGRESSIVE;
				CLANG_CXX_LANGUAGE_STANDARD = "gnu++14";
				CLANG_CXX_LIBRARY = "libc++";
				CLANG_ENABLE_MODULES = YES;
				CLANG_ENABLE_OBJC_ARC = YES;
				CLANG_ENABLE_OBJC_WEAK = YES;
				CLANG_WARN_BLOCK_CAPTURE_AUTORELEASING = YES;
				CLANG_WARN_BOOL_CONVERSION = YES;
				CLANG_WARN_COMMA = YES;
				CLANG_WARN_CONSTANT_CONVERSION = YES;
				CLANG_WARN_DEPRECATED_OBJC_IMPLEMENTATIONS = YES;
				CLANG_WARN_DIRECT_OBJC_ISA_USAGE = YES_ERROR;
				CLANG_WARN_DOCUMENTATION_COMMENTS = YES;
				CLANG_WARN_EMPTY_BODY = YES;
				CLANG_WARN_ENUM_CONVERSION = YES;
				CLANG_WARN_INFINITE_RECURSION = YES;
				CLANG_WARN_INT_CONVERSION = YES;
				CLANG_WARN_NON_LITERAL_NULL_CONVERSION = YES;
				CLANG_WARN_OBJC_IMPLICIT_RETAIN_SELF = YES;
				CLANG_WARN_OBJC_LITERAL_CONVERSION = YES;
				CLANG_WARN_OBJC_ROOT_CLASS = YES_ERROR;
				CLANG_WARN_RANGE_LOOP_ANALYSIS = YES;
				CLANG_WARN_STRICT_PROTOTYPES = YES;
				CLANG_WARN_SUSPICIOUS_MOVE = YES;
				CLANG_WARN_UNGUARDED_AVAILABILITY = YES_AGGRESSIVE;
				CLANG_WARN_UNREACHABLE_CODE = YES;
				CLANG_WARN__DUPLICATE_METHOD_MATCH = YES;
				CODE_SIGN_IDENTITY = "iPhone Developer";
				COPY_PHASE_STRIP = NO;
				DEBUG_INFORMATION_FORMAT = "dwarf-with-dsym";
				ENABLE_NS_ASSERTIONS = NO;
				ENABLE_STRICT_OBJC_MSGSEND = YES;
				GCC_C_LANGUAGE_STANDARD = gnu11;
				GCC_NO_COMMON_BLOCKS = YES;
				GCC_WARN_64_TO_32_BIT_CONVERSION = YES;
				GCC_WARN_ABOUT_RETURN_TYPE = YES_ERROR;
				GCC_WARN_UNDECLARED_SELECTOR = YES;
				GCC_WARN_UNINITIALIZED_AUTOS = YES_AGGRESSIVE;
				GCC_WARN_UNUSED_FUNCTION = YES;
				GCC_WARN_UNUSED_VARIABLE = YES;
				IPHONEOS_DEPLOYMENT_TARGET = 11.3;
				MTL_ENABLE_DEBUG_INFO = NO;
				SDKROOT = iphoneos;
				SWIFT_COMPILATION_MODE = wholemodule;
				SWIFT_OPTIMIZATION_LEVEL = "-O";
				VALIDATE_PRODUCT = YES;
			};
			name = Release;
		};
		7A82BE102104CE1D002F8094 /* Debug */ = {
			isa = XCBuildConfiguration;
			baseConfigurationReference = 0A36EF5E0069D366EB27E1AF /* Pods-Typeracer-iOS.debug.xcconfig */;
			buildSettings = {
				ASSETCATALOG_COMPILER_APPICON_NAME = AppIcon;
				CODE_SIGN_IDENTITY = "iPhone Developer";
				CODE_SIGN_STYLE = Automatic;
				DEVELOPMENT_TEAM = 8S823VK5NA;
				INFOPLIST_FILE = "$(SRCROOT)/Typeracer-iOS/Additional/Info.plist";
				IPHONEOS_DEPLOYMENT_TARGET = 10.0;
				LD_RUNPATH_SEARCH_PATHS = (
					"$(inherited)",
					"@executable_path/Frameworks",
				);
				PRODUCT_BUNDLE_IDENTIFIER = "kz.Typerace-ios";
				PRODUCT_NAME = "$(TARGET_NAME)";
				PROVISIONING_PROFILE_SPECIFIER = "";
				SWIFT_VERSION = 4.0;
				TARGETED_DEVICE_FAMILY = 1;
			};
			name = Debug;
		};
		7A82BE112104CE1D002F8094 /* Release */ = {
			isa = XCBuildConfiguration;
			baseConfigurationReference = 2117082F1AB53BEB12184AE9 /* Pods-Typeracer-iOS.release.xcconfig */;
			buildSettings = {
				ASSETCATALOG_COMPILER_APPICON_NAME = AppIcon;
				CODE_SIGN_IDENTITY = "iPhone Developer";
				CODE_SIGN_STYLE = Automatic;
				DEVELOPMENT_TEAM = 8S823VK5NA;
				INFOPLIST_FILE = "$(SRCROOT)/Typeracer-iOS/Additional/Info.plist";
				IPHONEOS_DEPLOYMENT_TARGET = 10.0;
				LD_RUNPATH_SEARCH_PATHS = (
					"$(inherited)",
					"@executable_path/Frameworks",
				);
				PRODUCT_BUNDLE_IDENTIFIER = "kz.Typerace-ios";
				PRODUCT_NAME = "$(TARGET_NAME)";
				PROVISIONING_PROFILE_SPECIFIER = "";
				SWIFT_VERSION = 4.0;
				TARGETED_DEVICE_FAMILY = 1;
			};
			name = Release;
		};
/* End XCBuildConfiguration section */

/* Begin XCConfigurationList section */
		7A82BDF82104CE19002F8094 /* Build configuration list for PBXProject "Typeracer-iOS" */ = {
			isa = XCConfigurationList;
			buildConfigurations = (
				7A82BE0D2104CE1D002F8094 /* Debug */,
				7A82BE0E2104CE1D002F8094 /* Release */,
			);
			defaultConfigurationIsVisible = 0;
			defaultConfigurationName = Release;
		};
		7A82BE0F2104CE1D002F8094 /* Build configuration list for PBXNativeTarget "Typeracer-iOS" */ = {
			isa = XCConfigurationList;
			buildConfigurations = (
				7A82BE102104CE1D002F8094 /* Debug */,
				7A82BE112104CE1D002F8094 /* Release */,
			);
			defaultConfigurationIsVisible = 0;
			defaultConfigurationName = Release;
		};
/* End XCConfigurationList section */
	};
	rootObject = 7A82BDF52104CE19002F8094 /* Project object */;
}
